
Microsoft Visual Studio Solution File, Format Version 12.00
# Visual Studio 15
VisualStudioVersion = 15.0.27130.2036
MinimumVisualStudioVersion = 10.0.40219.1
Project("{8BC9CEB8-8B4A-11D0-8D11-00A0C91BC942}") = "Ctest", "Ctest\Ctest.vcxproj", "{F305140B-2256-44F6-9F0A-12020C95276C}"
EndProject
Global
	GlobalSection(SolutionConfigurationPlatforms) = preSolution
		Debug|x64 = Debug|x64
		Debug|x86 = Debug|x86
		Release|x64 = Release|x64
		Release|x86 = Release|x86
	EndGlobalSection
	GlobalSection(ProjectConfigurationPlatforms) = postSolution
		{F305140B-2256-44F6-9F0A-12020C95276C}.Debug|x64.ActiveCfg = Debug|x64
		{F305140B-2256-44F6-9F0A-12020C95276C}.Debug|x64.Build.0 = Debug|x64
		{F305140B-2256-44F6-9F0A-12020C95276C}.Debug|x86.ActiveCfg = Debug|Win32
		{F305140B-2256-44F6-9F0A-12020C95276C}.Debug|x86.Build.0 = Debug|Win32
		{F305140B-2256-44F6-9F0A-12020C95276C}.Release|x64.ActiveCfg = Release|x64
		{F305140B-2256-44F6-9F0A-12020C95276C}.Release|x64.Build.0 = Release|x64
		{F305140B-2256-44F6-9F0A-12020C95276C}.Release|x86.ActiveCfg = Release|Win32
		{F305140B-2256-44F6-9F0A-12020C95276C}.Release|x86.Build.0 = Release|Win32
	EndGlobalSection
	GlobalSection(SolutionProperties) = preSolution
		HideSolutionNode = FALSE
	EndGlobalSection
	GlobalSection(ExtensibilityGlobals) = postSolution
		SolutionGuid = {CCF64A35-A5DF-462E-9AAF-5047D610A9E1}
	EndGlobalSection
EndGlobal
