
Microsoft Visual Studio Solution File, Format Version 12.00
# Visual Studio 15
VisualStudioVersion = 15.0.27130.2036
MinimumVisualStudioVersion = 10.0.40219.1
Project("{8BC9CEB8-8B4A-11D0-8D11-00A0C91BC942}") = "문해기3주차", "문해기3주차\문해기3주차.vcxproj", "{3FFA17F0-A53C-42EB-9182-501E54F86058}"
EndProject
Global
	GlobalSection(SolutionConfigurationPlatforms) = preSolution
		Debug|x64 = Debug|x64
		Debug|x86 = Debug|x86
		Release|x64 = Release|x64
		Release|x86 = Release|x86
	EndGlobalSection
	GlobalSection(ProjectConfigurationPlatforms) = postSolution
		{3FFA17F0-A53C-42EB-9182-501E54F86058}.Debug|x64.ActiveCfg = Debug|x64
		{3FFA17F0-A53C-42EB-9182-501E54F86058}.Debug|x64.Build.0 = Debug|x64
		{3FFA17F0-A53C-42EB-9182-501E54F86058}.Debug|x86.ActiveCfg = Debug|Win32
		{3FFA17F0-A53C-42EB-9182-501E54F86058}.Debug|x86.Build.0 = Debug|Win32
		{3FFA17F0-A53C-42EB-9182-501E54F86058}.Release|x64.ActiveCfg = Release|x64
		{3FFA17F0-A53C-42EB-9182-501E54F86058}.Release|x64.Build.0 = Release|x64
		{3FFA17F0-A53C-42EB-9182-501E54F86058}.Release|x86.ActiveCfg = Release|Win32
		{3FFA17F0-A53C-42EB-9182-501E54F86058}.Release|x86.Build.0 = Release|Win32
	EndGlobalSection
	GlobalSection(SolutionProperties) = preSolution
		HideSolutionNode = FALSE
	EndGlobalSection
	GlobalSection(ExtensibilityGlobals) = postSolution
		SolutionGuid = {41CD202E-CEFD-425B-A11F-56D51EE0BE50}
	EndGlobalSection
EndGlobal
